
Microsoft Visual Studio Solution File, Format Version 12.00
# Visual Studio Version 16
VisualStudioVersion = 16.0.30128.74
MinimumVisualStudioVersion = 10.0.40219.1
Project("{9092AA53-FB77-4645-B42D-1CCCA6BD08BD}") = "vue-ninja", "vue-ninja\vue-ninja.njsproj", "{5E1E5337-6C39-46A4-A96B-4A514E87E847}"
EndProject
Global
	GlobalSection(SolutionConfigurationPlatforms) = preSolution
		Debug|Any CPU = Debug|Any CPU
		Release|Any CPU = Release|Any CPU
	EndGlobalSection
	GlobalSection(ProjectConfigurationPlatforms) = postSolution
		{5E1E5337-6C39-46A4-A96B-4A514E87E847}.Debug|Any CPU.ActiveCfg = Debug|Any CPU
		{5E1E5337-6C39-46A4-A96B-4A514E87E847}.Debug|Any CPU.Build.0 = Debug|Any CPU
		{5E1E5337-6C39-46A4-A96B-4A514E87E847}.Release|Any CPU.ActiveCfg = Release|Any CPU
		{5E1E5337-6C39-46A4-A96B-4A514E87E847}.Release|Any CPU.Build.0 = Release|Any CPU
	EndGlobalSection
	GlobalSection(SolutionProperties) = preSolution
		HideSolutionNode = FALSE
	EndGlobalSection
	GlobalSection(ExtensibilityGlobals) = postSolution
		SolutionGuid = {A7BD0816-C007-459B-B109-24894C25F471}
	EndGlobalSection
EndGlobal
